# @generated - this file is auto-generated by `mise lock` https://mise.jdx.dev/dev-tools/mise-lock.html

[[tools.biome]]
version = "2.5.3"
backend = "aqua:biomejs/biome"

[tools.biome."platforms.macos-arm64"]
checksum = "sha256:610d3e1e770d373368d4ccee5a19c5e1735b0235024fcbed6ae07eb080d3bb09"
url = "https://github.com/biomejs/biome/releases/download/%40biomejs/biome%402.5.3/biome-darwin-arm64"
provenance = "github-attestations"

[[tools.node]]
version = "22.23.1"
backend = "core:node"

[tools.node."platforms.macos-arm64"]
checksum = "sha256:ef28d8fab2c0e4314522d4bb1b7173270aa3937e93b92cb7de79c112ac1fa953"
url = "https://nodejs.org/dist/v22.23.1/node-v22.23.1-darwin-arm64.tar.gz"

[[tools.python]]
version = "3.13.14"
backend = "core:python"

[tools.python."platforms.macos-arm64"]
checksum = "sha256:795a5aeeb050f00aa8a2214d779bad9f1b9113edb6923317a80c042a11a087d7"
url = "https://github.com/astral-sh/python-build-standalone/releases/download/20260623/cpython-3.13.14+20260623-aarch64-apple-darwin-install_only_stripped.tar.gz"
provenance = "github-attestations"

[[tools.rust]]
version = "stable"
backend = "core:rust"

[[tools.terraform]]
version = "1.15.8"
backend = "aqua:hashicorp/terraform"

[tools.terraform."platforms.macos-arm64"]
checksum = "sha256:f210110c5698b94d803a7a63cdb0251b5455c150841478808e2bbb343f95ed68"
url = "https://releases.hashicorp.com/terraform/1.15.8/terraform_1.15.8_darwin_arm64.zip"
